
Microsoft Visual Studio Solution File, Format Version 12.00
# Visual Studio 15
VisualStudioVersion = 15.0.27428.2015
MinimumVisualStudioVersion = 10.0.40219.1
Project("{FAE04EC0-301F-11D3-BF4B-00C04F79EFBC}") = "AutoSmart.Domain", "AutoSmart.Domain\AutoSmart.Domain.csproj", "{DA086E89-A60A-479F-8612-B70912AAFFF0}"
EndProject
Project("{FAE04EC0-301F-11D3-BF4B-00C04F79EFBC}") = "AutoSmart.Application", "AutoSmart.Application\AutoSmart.Application.csproj", "{AA9CB577-4683-4287-BF3F-F8576022A47A}"
EndProject
Project("{FAE04EC0-301F-11D3-BF4B-00C04F79EFBC}") = "AutoSmart.Infrastructure.Data", "AutoSmart.Infrastructure.Data\AutoSmart.Infrastructure.Data.csproj", "{9642A7F8-E28B-4727-962D-9D90DF72007E}"
EndProject
Project("{FAE04EC0-301F-11D3-BF4B-00C04F79EFBC}") = "AutoSmart.Infrastructure.CrossCutting.IoC", "AutoSmart.Infrastructure.CrossCutting.IoC\AutoSmart.Infrastructure.CrossCutting.IoC.csproj", "{46E7F6E7-0733-4B26-A974-6C2BD82FFCA8}"
EndProject
Project("{FAE04EC0-301F-11D3-BF4B-00C04F79EFBC}") = "AutoSmart.Presentation.Mvc", "AutoSmart.Presentation.Mvc\AutoSmart.Presentation.Mvc.csproj", "{889398E2-5EDD-4DCD-901B-A57D54FFB2DB}"
EndProject
Global
	GlobalSection(SolutionConfigurationPlatforms) = preSolution
		Debug|Any CPU = Debug|Any CPU
		Release|Any CPU = Release|Any CPU
	EndGlobalSection
	GlobalSection(ProjectConfigurationPlatforms) = postSolution
		{DA086E89-A60A-479F-8612-B70912AAFFF0}.Debug|Any CPU.ActiveCfg = Debug|Any CPU
		{DA086E89-A60A-479F-8612-B70912AAFFF0}.Debug|Any CPU.Build.0 = Debug|Any CPU
		{DA086E89-A60A-479F-8612-B70912AAFFF0}.Release|Any CPU.ActiveCfg = Release|Any CPU
		{DA086E89-A60A-479F-8612-B70912AAFFF0}.Release|Any CPU.Build.0 = Release|Any CPU
		{AA9CB577-4683-4287-BF3F-F8576022A47A}.Debug|Any CPU.ActiveCfg = Debug|Any CPU
		{AA9CB577-4683-4287-BF3F-F8576022A47A}.Debug|Any CPU.Build.0 = Debug|Any CPU
		{AA9CB577-4683-4287-BF3F-F8576022A47A}.Release|Any CPU.ActiveCfg = Release|Any CPU
		{AA9CB577-4683-4287-BF3F-F8576022A47A}.Release|Any CPU.Build.0 = Release|Any CPU
		{9642A7F8-E28B-4727-962D-9D90DF72007E}.Debug|Any CPU.ActiveCfg = Debug|Any CPU
		{9642A7F8-E28B-4727-962D-9D90DF72007E}.Debug|Any CPU.Build.0 = Debug|Any CPU
		{9642A7F8-E28B-4727-962D-9D90DF72007E}.Release|Any CPU.ActiveCfg = Release|Any CPU
		{9642A7F8-E28B-4727-962D-9D90DF72007E}.Release|Any CPU.Build.0 = Release|Any CPU
		{46E7F6E7-0733-4B26-A974-6C2BD82FFCA8}.Debug|Any CPU.ActiveCfg = Debug|Any CPU
		{46E7F6E7-0733-4B26-A974-6C2BD82FFCA8}.Debug|Any CPU.Build.0 = Debug|Any CPU
		{46E7F6E7-0733-4B26-A974-6C2BD82FFCA8}.Release|Any CPU.ActiveCfg = Release|Any CPU
		{46E7F6E7-0733-4B26-A974-6C2BD82FFCA8}.Release|Any CPU.Build.0 = Release|Any CPU
		{889398E2-5EDD-4DCD-901B-A57D54FFB2DB}.Debug|Any CPU.ActiveCfg = Debug|Any CPU
		{889398E2-5EDD-4DCD-901B-A57D54FFB2DB}.Debug|Any CPU.Build.0 = Debug|Any CPU
		{889398E2-5EDD-4DCD-901B-A57D54FFB2DB}.Release|Any CPU.ActiveCfg = Release|Any CPU
		{889398E2-5EDD-4DCD-901B-A57D54FFB2DB}.Release|Any CPU.Build.0 = Release|Any CPU
	EndGlobalSection
	GlobalSection(SolutionProperties) = preSolution
		HideSolutionNode = FALSE
	EndGlobalSection
	GlobalSection(ExtensibilityGlobals) = postSolution
		SolutionGuid = {1F09304D-F80D-4520-A532-EE0CE26779F0}
	EndGlobalSection
EndGlobal
